
Microsoft Visual Studio Solution File, Format Version 12.00
# Visual Studio Version 17
VisualStudioVersion = 17.4.33213.308
MinimumVisualStudioVersion = 10.0.40219.1
Project("{FAE04EC0-301F-11D3-BF4B-00C04F79EFBC}") = "neco tamto", "neco tamto\neco tamto.csproj", "{23817E14-27EF-405B-ADBB-7163BA1906E2}"
EndProject
Global
	GlobalSection(SolutionConfigurationPlatforms) = preSolution
		Debug|Any CPU = Debug|Any CPU
		Release|Any CPU = Release|Any CPU
	EndGlobalSection
	GlobalSection(ProjectConfigurationPlatforms) = postSolution
		{23817E14-27EF-405B-ADBB-7163BA1906E2}.Debug|Any CPU.ActiveCfg = Debug|Any CPU
		{23817E14-27EF-405B-ADBB-7163BA1906E2}.Debug|Any CPU.Build.0 = Debug|Any CPU
		{23817E14-27EF-405B-ADBB-7163BA1906E2}.Release|Any CPU.ActiveCfg = Release|Any CPU
		{23817E14-27EF-405B-ADBB-7163BA1906E2}.Release|Any CPU.Build.0 = Release|Any CPU
	EndGlobalSection
	GlobalSection(SolutionProperties) = preSolution
		HideSolutionNode = FALSE
	EndGlobalSection
	GlobalSection(ExtensibilityGlobals) = postSolution
		SolutionGuid = {10568F19-296A-4686-9CB6-96BCF673D30C}
	EndGlobalSection
EndGlobal
